
Microsoft Visual Studio Solution File, Format Version 12.00
# Visual Studio Version 16
VisualStudioVersion = 16.0.29230.47
MinimumVisualStudioVersion = 10.0.40219.1
Project("{FAE04EC0-301F-11D3-BF4B-00C04F79EFBC}") = "MandelbrotIMP", "MandelbrotIMP\MandelbrotIMP.csproj", "{0E0E71E2-6FD7-4950-B59B-75BE5C94D7FF}"
EndProject
Global
	GlobalSection(SolutionConfigurationPlatforms) = preSolution
		Debug|Any CPU = Debug|Any CPU
		Release|Any CPU = Release|Any CPU
	EndGlobalSection
	GlobalSection(ProjectConfigurationPlatforms) = postSolution
		{0E0E71E2-6FD7-4950-B59B-75BE5C94D7FF}.Debug|Any CPU.ActiveCfg = Debug|Any CPU
		{0E0E71E2-6FD7-4950-B59B-75BE5C94D7FF}.Debug|Any CPU.Build.0 = Debug|Any CPU
		{0E0E71E2-6FD7-4950-B59B-75BE5C94D7FF}.Release|Any CPU.ActiveCfg = Release|Any CPU
		{0E0E71E2-6FD7-4950-B59B-75BE5C94D7FF}.Release|Any CPU.Build.0 = Release|Any CPU
	EndGlobalSection
	GlobalSection(SolutionProperties) = preSolution
		HideSolutionNode = FALSE
	EndGlobalSection
	GlobalSection(ExtensibilityGlobals) = postSolution
		SolutionGuid = {2B0BA54B-BA20-466D-A37A-4850C687A8D3}
	EndGlobalSection
EndGlobal
